// !$*UTF8*$!
{
	archiveVersion = 1;
	classes = {
	};
	objectVersion = 56;
	objects = {

/* Begin PBXBuildFile section */
		4667D37629FD11840080F1BF /* GoogleService-Info.plist in Resources */ = {isa = PBXBuildFile; fileRef = 4667D37529FD11840080F1BF /* GoogleService-Info.plist */; };
		4667D37929FD129F0080F1BF /* FirebaseAnalytics in Frameworks */ = {isa = PBXBuildFile; productRef = 4667D37829FD129F0080F1BF /* FirebaseAnalytics */; };
		4667D37B29FD129F0080F1BF /* FirebaseAnalyticsWithoutAdIdSupport in Frameworks */ = {isa = PBXBuildFile; productRef = 4667D37A29FD129F0080F1BF /* FirebaseAnalyticsWithoutAdIdSupport */; };
		4667D37D29FD129F0080F1BF /* FirebaseAuth in Frameworks */ = {isa = PBXBuildFile; productRef = 4667D37C29FD129F0080F1BF /* FirebaseAuth */; };
		4667D37F29FD13C00080F1BF /* ModelData.swift in Sources */ = {isa = PBXBuildFile; fileRef = 4667D37E29FD13C00080F1BF /* ModelData.swift */; };
		469BB5B029FC1B8D00CF40CD /* ResetPasswordView.swift in Sources */ = {isa = PBXBuildFile; fileRef = 469BB5AF29FC1B8D00CF40CD /* ResetPasswordView.swift */; };
		46BE3D0D29FBEEB200125DDE /* SignUpView.swift in Sources */ = {isa = PBXBuildFile; fileRef = 46BE3D0C29FBEEB200125DDE /* SignUpView.swift */; };
		46C70CE229FA88DE006F6047 /* MonumentalHabitsUIApp.swift in Sources */ = {isa = PBXBuildFile; fileRef = 46C70CE129FA88DE006F6047 /* MonumentalHabitsUIApp.swift */; };
		46C70CE429FA88DE006F6047 /* LogInView.swift in Sources */ = {isa = PBXBuildFile; fileRef = 46C70CE329FA88DE006F6047 /* LogInView.swift */; };
		46C70CE629FA88DF006F6047 /* Assets.xcassets in Resources */ = {isa = PBXBuildFile; fileRef = 46C70CE529FA88DF006F6047 /* Assets.xcassets */; };
		46C70CE929FA88DF006F6047 /* Preview Assets.xcassets in Resources */ = {isa = PBXBuildFile; fileRef = 46C70CE829FA88DF006F6047 /* Preview Assets.xcassets */; };
		46C70CF029FA9478006F6047 /* Exstension.swift in Sources */ = {isa = PBXBuildFile; fileRef = 46C70CEF29FA9478006F6047 /* Exstension.swift */; };
/* End PBXBuildFile section */

/* Begin PBXFileReference section */
		4667D37529FD11840080F1BF /* GoogleService-Info.plist */ = {isa = PBXFileReference; fileEncoding = 4; lastKnownFileType = text.plist.xml; path = "GoogleService-Info.plist"; sourceTree = "<group>"; };
		4667D37E29FD13C00080F1BF /* ModelData.swift */ = {isa = PBXFileReference; lastKnownFileType = sourcecode.swift; path = ModelData.swift; sourceTree = "<group>"; };
		469BB5AF29FC1B8D00CF40CD /* ResetPasswordView.swift */ = {isa = PBXFileReference; lastKnownFileType = sourcecode.swift; path = ResetPasswordView.swift; sourceTree = "<group>"; };
		46BE3D0C29FBEEB200125DDE /* SignUpView.swift */ = {isa = PBXFileReference; lastKnownFileType = sourcecode.swift; path = SignUpView.swift; sourceTree = "<group>"; };
		46C70CDE29FA88DE006F6047 /* MonumentalHabitsUI.app */ = {isa = PBXFileReference; explicitFileType = wrapper.application; includeInIndex = 0; path = MonumentalHabitsUI.app; sourceTree = BUILT_PRODUCTS_DIR; };
		46C70CE129FA88DE006F6047 /* MonumentalHabitsUIApp.swift */ = {isa = PBXFileReference; lastKnownFileType = sourcecode.swift; path = MonumentalHabitsUIApp.swift; sourceTree = "<group>"; };
		46C70CE329FA88DE006F6047 /* LogInView.swift */ = {isa = PBXFileReference; lastKnownFileType = sourcecode.swift; path = LogInView.swift; sourceTree = "<group>"; };
		46C70CE529FA88DF006F6047 /* Assets.xcassets */ = {isa = PBXFileReference; lastKnownFileType = folder.assetcatalog; path = Assets.xcassets; sourceTree = "<group>"; };
		46C70CE829FA88DF006F6047 /* Preview Assets.xcassets */ = {isa = PBXFileReference; lastKnownFileType = folder.assetcatalog; path = "Preview Assets.xcassets"; sourceTree = "<group>"; };
		46C70CEF29FA9478006F6047 /* Exstension.swift */ = {isa = PBXFileReference; lastKnownFileType = sourcecode.swift; path = Exstension.swift; sourceTree = "<group>"; };
/* End PBXFileReference section */

/* Begin PBXFrameworksBuildPhase section */
		46C70CDB29FA88DE006F6047 /* Frameworks */ = {
			isa = PBXFrameworksBuildPhase;
			buildActionMask = 2147483647;
			files = (
				4667D37929FD129F0080F1BF /* FirebaseAnalytics in Frameworks */,
				4667D37D29FD129F0080F1BF /* FirebaseAuth in Frameworks */,
				4667D37B29FD129F0080F1BF /* FirebaseAnalyticsWithoutAdIdSupport in Frameworks */,
			);
			runOnlyForDeploymentPostprocessing = 0;
		};
/* End PBXFrameworksBuildPhase section */

/* Begin PBXGroup section */
		4667D38029FD13D40080F1BF /* View */ = {
			isa = PBXGroup;
			children = (
				46C70CE329FA88DE006F6047 /* LogInView.swift */,
				46BE3D0C29FBEEB200125DDE /* SignUpView.swift */,
				469BB5AF29FC1B8D00CF40CD /* ResetPasswordView.swift */,
			);
			path = View;
			sourceTree = "<group>";
		};
		4667D38129FD13F00080F1BF /* ViewModel */ = {
			isa = PBXGroup;
			children = (
				4667D37E29FD13C00080F1BF /* ModelData.swift */,
			);
			path = ViewModel;
			sourceTree = "<group>";
		};
		4667D38229FD140F0080F1BF /* App */ = {
			isa = PBXGroup;
			children = (
				46C70CE129FA88DE006F6047 /* MonumentalHabitsUIApp.swift */,
			);
			path = App;
			sourceTree = "<group>";
		};
		46C70CD529FA88DE006F6047 = {
			isa = PBXGroup;
			children = (
				46C70CE029FA88DE006F6047 /* MonumentalHabitsUI */,
				46C70CDF29FA88DE006F6047 /* Products */,
			);
			sourceTree = "<group>";
		};
		46C70CDF29FA88DE006F6047 /* Products */ = {
			isa = PBXGroup;
			children = (
				46C70CDE29FA88DE006F6047 /* MonumentalHabitsUI.app */,
			);
			name = Products;
			sourceTree = "<group>";
		};
		46C70CE029FA88DE006F6047 /* MonumentalHabitsUI */ = {
			isa = PBXGroup;
			children = (
				4667D38229FD140F0080F1BF /* App */,
				4667D38029FD13D40080F1BF /* View */,
				4667D38129FD13F00080F1BF /* ViewModel */,
				46C70CE729FA88DF006F6047 /* Preview Content */,
				46C70CEF29FA9478006F6047 /* Exstension.swift */,
				4667D37529FD11840080F1BF /* GoogleService-Info.plist */,
			);
			path = MonumentalHabitsUI;
			sourceTree = "<group>";
		};
		46C70CE729FA88DF006F6047 /* Preview Content */ = {
			isa = PBXGroup;
			children = (
				46C70CE529FA88DF006F6047 /* Assets.xcassets */,
				46C70CE829FA88DF006F6047 /* Preview Assets.xcassets */,
			);
			path = "Preview Content";
			sourceTree = "<group>";
		};
/* End PBXGroup section */

/* Begin PBXNativeTarget section */
		46C70CDD29FA88DE006F6047 /* MonumentalHabitsUI */ = {
			isa = PBXNativeTarget;
			buildConfigurationList = 46C70CEC29FA88DF006F6047 /* Build configuration list for PBXNativeTarget "MonumentalHabitsUI" */;
			buildPhases = (
				46C70CDA29FA88DE006F6047 /* Sources */,
				46C70CDB29FA88DE006F6047 /* Frameworks */,
				46C70CDC29FA88DE006F6047 /* Resources */,
			);
			buildRules = (
			);
			dependencies = (
			);
			name = MonumentalHabitsUI;
			packageProductDependencies = (
				4667D37829FD129F0080F1BF /* FirebaseAnalytics */,
				4667D37A29FD129F0080F1BF /* FirebaseAnalyticsWithoutAdIdSupport */,
				4667D37C29FD129F0080F1BF /* FirebaseAuth */,
			);
			productName = MonumentalHabitsUI;
			productReference = 46C70CDE29FA88DE006F6047 /* MonumentalHabitsUI.app */;
			productType = "com.apple.product-type.application";
		};
/* End PBXNativeTarget section */

/* Begin PBXProject section */
		46C70CD629FA88DE006F6047 /* Project object */ = {
			isa = PBXProject;
			attributes = {
				BuildIndependentTargetsInParallel = 1;
				LastSwiftUpdateCheck = 1420;
				LastUpgradeCheck = 1420;
				TargetAttributes = {
					46C70CDD29FA88DE006F6047 = {
						CreatedOnToolsVersion = 14.2;
					};
				};
			};
			buildConfigurationList = 46C70CD929FA88DE006F6047 /* Build configuration list for PBXProject "MonumentalHabitsUI" */;
			compatibilityVersion = "Xcode 14.0";
			developmentRegion = en;
			hasScannedForEncodings = 0;
			knownRegions = (
				en,
				Base,
			);
			mainGroup = 46C70CD529FA88DE006F6047;
			packageReferences = (
				4667D37729FD129F0080F1BF /* XCRemoteSwiftPackageReference "firebase-ios-sdk" */,
			);
			productRefGroup = 46C70CDF29FA88DE006F6047 /* Products */;
			projectDirPath = "";
			projectRoot = "";
			targets = (
				46C70CDD29FA88DE006F6047 /* MonumentalHabitsUI */,
			);
		};
/* End PBXProject section */

/* Begin PBXResourcesBuildPhase section */
		46C70CDC29FA88DE006F6047 /* Resources */ = {
			isa = PBXResourcesBuildPhase;
			buildActionMask = 2147483647;
			files = (
				46C70CE929FA88DF006F6047 /* Preview Assets.xcassets in Resources */,
				46C70CE629FA88DF006F6047 /* Assets.xcassets in Resources */,
				4667D37629FD11840080F1BF /* GoogleService-Info.plist in Resources */,
			);
			runOnlyForDeploymentPostprocessing = 0;
		};
/* End PBXResourcesBuildPhase section */

/* Begin PBXSourcesBuildPhase section */
		46C70CDA29FA88DE006F6047 /* Sources */ = {
			isa = PBXSourcesBuildPhase;
			buildActionMask = 2147483647;
			files = (
				46C70CE429FA88DE006F6047 /* LogInView.swift in Sources */,
				46BE3D0D29FBEEB200125DDE /* SignUpView.swift in Sources */,
				469BB5B029FC1B8D00CF40CD /* ResetPasswordView.swift in Sources */,
				46C70CE229FA88DE006F6047 /* MonumentalHabitsUIApp.swift in Sources */,
				46C70CF029FA9478006F6047 /* Exstension.swift in Sources */,
				4667D37F29FD13C00080F1BF /* ModelData.swift in Sources */,
			);
			runOnlyForDeploymentPostprocessing = 0;
		};
/* End PBXSourcesBuildPhase section */

/* Begin XCBuildConfiguration section */
		46C70CEA29FA88DF006F6047 /* Debug */ = {
			isa = XCBuildConfiguration;
			buildSettings = {
				ALWAYS_SEARCH_USER_PATHS = NO;
				CLANG_ANALYZER_NONNULL = YES;
				CLANG_ANALYZER_NUMBER_OBJECT_CONVERSION = YES_AGGRESSIVE;
				CLANG_CXX_LANGUAGE_STANDARD = "gnu++20";
				CLANG_ENABLE_MODULES = YES;
				CLANG_ENABLE_OBJC_ARC = YES;
				CLANG_ENABLE_OBJC_WEAK = YES;
				CLANG_WARN_BLOCK_CAPTURE_AUTORELEASING = YES;
				CLANG_WARN_BOOL_CONVERSION = YES;
				CLANG_WARN_COMMA = YES;
				CLANG_WARN_CONSTANT_CONVERSION = YES;
				CLANG_WARN_DEPRECATED_OBJC_IMPLEMENTATIONS = YES;
				CLANG_WARN_DIRECT_OBJC_ISA_USAGE = YES_ERROR;
				CLANG_WARN_DOCUMENTATION_COMMENTS = YES;
				CLANG_WARN_EMPTY_BODY = YES;
				CLANG_WARN_ENUM_CONVERSION = YES;
				CLANG_WARN_INFINITE_RECURSION = YES;
				CLANG_WARN_INT_CONVERSION = YES;
				CLANG_WARN_NON_LITERAL_NULL_CONVERSION = YES;
				CLANG_WARN_OBJC_IMPLICIT_RETAIN_SELF = YES;
				CLANG_WARN_OBJC_LITERAL_CONVERSION = YES;
				CLANG_WARN_OBJC_ROOT_CLASS = YES_ERROR;
				CLANG_WARN_QUOTED_INCLUDE_IN_FRAMEWORK_HEADER = YES;
				CLANG_WARN_RANGE_LOOP_ANALYSIS = YES;
				CLANG_WARN_STRICT_PROTOTYPES = YES;
				CLANG_WARN_SUSPICIOUS_MOVE = YES;
				CLANG_WARN_UNGUARDED_AVAILABILITY = YES_AGGRESSIVE;
				CLANG_WARN_UNREACHABLE_CODE = YES;
				CLANG_WARN__DUPLICATE_METHOD_MATCH = YES;
				COPY_PHASE_STRIP = NO;
				DEBUG_INFORMATION_FORMAT = dwarf;
				ENABLE_STRICT_OBJC_MSGSEND = YES;
				ENABLE_TESTABILITY = YES;
				GCC_C_LANGUAGE_STANDARD = gnu11;
				GCC_DYNAMIC_NO_PIC = NO;
				GCC_NO_COMMON_BLOCKS = YES;
				GCC_OPTIMIZATION_LEVEL = 0;
				GCC_PREPROCESSOR_DEFINITIONS = (
					"DEBUG=1",
					"$(inherited)",
				);
				GCC_WARN_64_TO_32_BIT_CONVERSION = YES;
				GCC_WARN_ABOUT_RETURN_TYPE = YES_ERROR;
				GCC_WARN_UNDECLARED_SELECTOR = YES;
				GCC_WARN_UNINITIALIZED_AUTOS = YES_AGGRESSIVE;
				GCC_WARN_UNUSED_FUNCTION = YES;
				GCC_WARN_UNUSED_VARIABLE = YES;
				IPHONEOS_DEPLOYMENT_TARGET = 16.2;
				MTL_ENABLE_DEBUG_INFO = INCLUDE_SOURCE;
				MTL_FAST_MATH = YES;
				ONLY_ACTIVE_ARCH = YES;
				SDKROOT = iphoneos;
				SWIFT_ACTIVE_COMPILATION_CONDITIONS = DEBUG;
				SWIFT_OPTIMIZATION_LEVEL = "-Onone";
			};
			name = Debug;
		};
		46C70CEB29FA88DF006F6047 /* Release */ = {
			isa = XCBuildConfiguration;
			buildSettings = {
				ALWAYS_SEARCH_USER_PATHS = NO;
				CLANG_ANALYZER_NONNULL = YES;
				CLANG_ANALYZER_NUMBER_OBJECT_CONVERSION = YES_AGGRESSIVE;
				CLANG_CXX_LANGUAGE_STANDARD = "gnu++20";
				CLANG_ENABLE_MODULES = YES;
				CLANG_ENABLE_OBJC_ARC = YES;
				CLANG_ENABLE_OBJC_WEAK = YES;
				CLANG_WARN_BLOCK_CAPTURE_AUTORELEASING = YES;
				CLANG_WARN_BOOL_CONVERSION = YES;
				CLANG_WARN_COMMA = YES;
				CLANG_WARN_CONSTANT_CONVERSION = YES;
				CLANG_WARN_DEPRECATED_OBJC_IMPLEMENTATIONS = YES;
				CLANG_WARN_DIRECT_OBJC_ISA_USAGE = YES_ERROR;
				CLANG_WARN_DOCUMENTATION_COMMENTS = YES;
				CLANG_WARN_EMPTY_BODY = YES;
				CLANG_WARN_ENUM_CONVERSION = YES;
				CLANG_WARN_INFINITE_RECURSION = YES;
				CLANG_WARN_INT_CONVERSION = YES;
				CLANG_WARN_NON_LITERAL_NULL_CONVERSION = YES;
				CLANG_WARN_OBJC_IMPLICIT_RETAIN_SELF = YES;
				CLANG_WARN_OBJC_LITERAL_CONVERSION = YES;
				CLANG_WARN_OBJC_ROOT_CLASS = YES_ERROR;
				CLANG_WARN_QUOTED_INCLUDE_IN_FRAMEWORK_HEADER = YES;
				CLANG_WARN_RANGE_LOOP_ANALYSIS = YES;
				CLANG_WARN_STRICT_PROTOTYPES = YES;
				CLANG_WARN_SUSPICIOUS_MOVE = YES;
				CLANG_WARN_UNGUARDED_AVAILABILITY = YES_AGGRESSIVE;
				CLANG_WARN_UNREACHABLE_CODE = YES;
				CLANG_WARN__DUPLICATE_METHOD_MATCH = YES;
				COPY_PHASE_STRIP = NO;
				DEBUG_INFORMATION_FORMAT = "dwarf-with-dsym";
				ENABLE_NS_ASSERTIONS = NO;
				ENABLE_STRICT_OBJC_MSGSEND = YES;
				GCC_C_LANGUAGE_STANDARD = gnu11;
				GCC_NO_COMMON_BLOCKS = YES;
				GCC_WARN_64_TO_32_BIT_CONVERSION = YES;
				GCC_WARN_ABOUT_RETURN_TYPE = YES_ERROR;
				GCC_WARN_UNDECLARED_SELECTOR = YES;
				GCC_WARN_UNINITIALIZED_AUTOS = YES_AGGRESSIVE;
				GCC_WARN_UNUSED_FUNCTION = YES;
				GCC_WARN_UNUSED_VARIABLE = YES;
				IPHONEOS_DEPLOYMENT_TARGET = 16.2;
				MTL_ENABLE_DEBUG_INFO = NO;
				MTL_FAST_MATH = YES;
				SDKROOT = iphoneos;
				SWIFT_COMPILATION_MODE = wholemodule;
				SWIFT_OPTIMIZATION_LEVEL = "-O";
				VALIDATE_PRODUCT = YES;
			};
			name = Release;
		};
		46C70CED29FA88DF006F6047 /* Debug */ = {
			isa = XCBuildConfiguration;
			buildSettings = {
				ASSETCATALOG_COMPILER_APPICON_NAME = AppIcon;
				ASSETCATALOG_COMPILER_GLOBAL_ACCENT_COLOR_NAME = AccentColor;
				CODE_SIGN_STYLE = Automatic;
				CURRENT_PROJECT_VERSION = 1;
				DEVELOPMENT_ASSET_PATHS = "\"MonumentalHabitsUI/Preview Content\"";
				DEVELOPMENT_TEAM = 5JAJKT453Z;
				ENABLE_PREVIEWS = YES;
				GENERATE_INFOPLIST_FILE = YES;
				INFOPLIST_KEY_UIApplicationSceneManifest_Generation = YES;
				INFOPLIST_KEY_UIApplicationSupportsIndirectInputEvents = YES;
				INFOPLIST_KEY_UILaunchScreen_Generation = YES;
				INFOPLIST_KEY_UISupportedInterfaceOrientations_iPad = "UIInterfaceOrientationPortrait UIInterfaceOrientationPortraitUpsideDown UIInterfaceOrientationLandscapeLeft UIInterfaceOrientationLandscapeRight";
				INFOPLIST_KEY_UISupportedInterfaceOrientations_iPhone = "UIInterfaceOrientationPortrait UIInterfaceOrientationLandscapeLeft UIInterfaceOrientationLandscapeRight";
				LD_RUNPATH_SEARCH_PATHS = (
					"$(inherited)",
					"@executable_path/Frameworks",
				);
				MARKETING_VERSION = 1.0;
				PRODUCT_BUNDLE_IDENTIFIER = Homework2.MonumentalHabitsUI;
				PRODUCT_NAME = "$(TARGET_NAME)";
				SWIFT_EMIT_LOC_STRINGS = YES;
				SWIFT_VERSION = 5.0;
				TARGETED_DEVICE_FAMILY = "1,2";
			};
			name = Debug;
		};
		46C70CEE29FA88DF006F6047 /* Release */ = {
			isa = XCBuildConfiguration;
			buildSettings = {
				ASSETCATALOG_COMPILER_APPICON_NAME = AppIcon;
				ASSETCATALOG_COMPILER_GLOBAL_ACCENT_COLOR_NAME = AccentColor;
				CODE_SIGN_STYLE = Automatic;
				CURRENT_PROJECT_VERSION = 1;
				DEVELOPMENT_ASSET_PATHS = "\"MonumentalHabitsUI/Preview Content\"";
				DEVELOPMENT_TEAM = 5JAJKT453Z;
				ENABLE_PREVIEWS = YES;
				GENERATE_INFOPLIST_FILE = YES;
				INFOPLIST_KEY_UIApplicationSceneManifest_Generation = YES;
				INFOPLIST_KEY_UIApplicationSupportsIndirectInputEvents = YES;
				INFOPLIST_KEY_UILaunchScreen_Generation = YES;
				INFOPLIST_KEY_UISupportedInterfaceOrientations_iPad = "UIInterfaceOrientationPortrait UIInterfaceOrientationPortraitUpsideDown UIInterfaceOrientationLandscapeLeft UIInterfaceOrientationLandscapeRight";
				INFOPLIST_KEY_UISupportedInterfaceOrientations_iPhone = "UIInterfaceOrientationPortrait UIInterfaceOrientationLandscapeLeft UIInterfaceOrientationLandscapeRight";
				LD_RUNPATH_SEARCH_PATHS = (
					"$(inherited)",
					"@executable_path/Frameworks",
				);
				MARKETING_VERSION = 1.0;
				PRODUCT_BUNDLE_IDENTIFIER = Homework2.MonumentalHabitsUI;
				PRODUCT_NAME = "$(TARGET_NAME)";
				SWIFT_EMIT_LOC_STRINGS = YES;
				SWIFT_VERSION = 5.0;
				TARGETED_DEVICE_FAMILY = "1,2";
			};
			name = Release;
		};
/* End XCBuildConfiguration section */

/* Begin XCConfigurationList section */
		46C70CD929FA88DE006F6047 /* Build configuration list for PBXProject "MonumentalHabitsUI" */ = {
			isa = XCConfigurationList;
			buildConfigurations = (
				46C70CEA29FA88DF006F6047 /* Debug */,
				46C70CEB29FA88DF006F6047 /* Release */,
			);
			defaultConfigurationIsVisible = 0;
			defaultConfigurationName = Release;
		};
		46C70CEC29FA88DF006F6047 /* Build configuration list for PBXNativeTarget "MonumentalHabitsUI" */ = {
			isa = XCConfigurationList;
			buildConfigurations = (
				46C70CED29FA88DF006F6047 /* Debug */,
				46C70CEE29FA88DF006F6047 /* Release */,
			);
			defaultConfigurationIsVisible = 0;
			defaultConfigurationName = Release;
		};
/* End XCConfigurationList section */

/* Begin XCRemoteSwiftPackageReference section */
		4667D37729FD129F0080F1BF /* XCRemoteSwiftPackageReference "firebase-ios-sdk" */ = {
			isa = XCRemoteSwiftPackageReference;
			repositoryURL = "https://github.com/firebase/firebase-ios-sdk";
			requirement = {
				kind = upToNextMajorVersion;
				minimumVersion = 9.0.0;
			};
		};
/* End XCRemoteSwiftPackageReference section */

/* Begin XCSwiftPackageProductDependency section */
		4667D37829FD129F0080F1BF /* FirebaseAnalytics */ = {
			isa = XCSwiftPackageProductDependency;
			package = 4667D37729FD129F0080F1BF /* XCRemoteSwiftPackageReference "firebase-ios-sdk" */;
			productName = FirebaseAnalytics;
		};
		4667D37A29FD129F0080F1BF /* FirebaseAnalyticsWithoutAdIdSupport */ = {
			isa = XCSwiftPackageProductDependency;
			package = 4667D37729FD129F0080F1BF /* XCRemoteSwiftPackageReference "firebase-ios-sdk" */;
			productName = FirebaseAnalyticsWithoutAdIdSupport;
		};
		4667D37C29FD129F0080F1BF /* FirebaseAuth */ = {
			isa = XCSwiftPackageProductDependency;
			package = 4667D37729FD129F0080F1BF /* XCRemoteSwiftPackageReference "firebase-ios-sdk" */;
			productName = FirebaseAuth;
		};
/* End XCSwiftPackageProductDependency section */
	};
	rootObject = 46C70CD629FA88DE006F6047 /* Project object */;
}
